// !$*UTF8*$!
{
	archiveVersion = 1;
	classes = {
	};
	objectVersion = 56;
	objects = {

/* Begin PBXBuildFile section */
		AB24C2022D68AF960049739A /* AppDelegate.swift in Sources */ = {isa = PBXBuildFile; fileRef = AB24C2012D68AF960049739A /* AppDelegate.swift */; };
		AB24C2042D68AF960049739A /* SceneDelegate.swift in Sources */ = {isa = PBXBuildFile; fileRef = AB24C2032D68AF960049739A /* SceneDelegate.swift */; };
		AB24C2062D68AF960049739A /* ViewController.swift in Sources */ = {isa = PBXBuildFile; fileRef = AB24C2052D68AF960049739A /* ViewController.swift */; };
		AB24C2092D68AF960049739A /* Main.storyboard in Resources */ = {isa = PBXBuildFile; fileRef = AB24C2072D68AF960049739A /* Main.storyboard */; };
		AB24C20C2D68AF960049739A /* nazliSayisalLoto.xcdatamodeld in Sources */ = {isa = PBXBuildFile; fileRef = AB24C20A2D68AF960049739A /* nazliSayisalLoto.xcdatamodeld */; };
		AB24C20E2D68AF980049739A /* Assets.xcassets in Resources */ = {isa = PBXBuildFile; fileRef = AB24C20D2D68AF980049739A /* Assets.xcassets */; };
		AB24C2112D68AF980049739A /* LaunchScreen.storyboard in Resources */ = {isa = PBXBuildFile; fileRef = AB24C20F2D68AF980049739A /* LaunchScreen.storyboard */; };
/* End PBXBuildFile section */

/* Begin PBXFileReference section */
		AB24C1FE2D68AF960049739A /* nazliSayisalLoto.app */ = {isa = PBXFileReference; explicitFileType = wrapper.application; includeInIndex = 0; path = nazliSayisalLoto.app; sourceTree = BUILT_PRODUCTS_DIR; };
		AB24C2012D68AF960049739A /* AppDelegate.swift */ = {isa = PBXFileReference; lastKnownFileType = sourcecode.swift; path = AppDelegate.swift; sourceTree = "<group>"; };
		AB24C2032D68AF960049739A /* SceneDelegate.swift */ = {isa = PBXFileReference; lastKnownFileType = sourcecode.swift; path = SceneDelegate.swift; sourceTree = "<group>"; };
		AB24C2052D68AF960049739A /* ViewController.swift */ = {isa = PBXFileReference; lastKnownFileType = sourcecode.swift; path = ViewController.swift; sourceTree = "<group>"; };
		AB24C2082D68AF960049739A /* Base */ = {isa = PBXFileReference; lastKnownFileType = file.storyboard; name = Base; path = Base.lproj/Main.storyboard; sourceTree = "<group>"; };
		AB24C20B2D68AF960049739A /* nazliSayisalLoto.xcdatamodel */ = {isa = PBXFileReference; lastKnownFileType = wrapper.xcdatamodel; path = nazliSayisalLoto.xcdatamodel; sourceTree = "<group>"; };
		AB24C20D2D68AF980049739A /* Assets.xcassets */ = {isa = PBXFileReference; lastKnownFileType = folder.assetcatalog; path = Assets.xcassets; sourceTree = "<group>"; };
		AB24C2102D68AF980049739A /* Base */ = {isa = PBXFileReference; lastKnownFileType = file.storyboard; name = Base; path = Base.lproj/LaunchScreen.storyboard; sourceTree = "<group>"; };
		AB24C2122D68AF980049739A /* Info.plist */ = {isa = PBXFileReference; lastKnownFileType = text.plist.xml; path = Info.plist; sourceTree = "<group>"; };
/* End PBXFileReference section */

/* Begin PBXFrameworksBuildPhase section */
		AB24C1FB2D68AF960049739A /* Frameworks */ = {
			isa = PBXFrameworksBuildPhase;
			buildActionMask = 2147483647;
			files = (
			);
			runOnlyForDeploymentPostprocessing = 0;
		};
/* End PBXFrameworksBuildPhase section */

/* Begin PBXGroup section */
		AB24C1F52D68AF960049739A = {
			isa = PBXGroup;
			children = (
				AB24C2002D68AF960049739A /* nazliSayisalLoto */,
				AB24C1FF2D68AF960049739A /* Products */,
			);
			sourceTree = "<group>";
		};
		AB24C1FF2D68AF960049739A /* Products */ = {
			isa = PBXGroup;
			children = (
				AB24C1FE2D68AF960049739A /* nazliSayisalLoto.app */,
			);
			name = Products;
			sourceTree = "<group>";
		};
		AB24C2002D68AF960049739A /* nazliSayisalLoto */ = {
			isa = PBXGroup;
			children = (
				AB24C2012D68AF960049739A /* AppDelegate.swift */,
				AB24C2032D68AF960049739A /* SceneDelegate.swift */,
				AB24C2052D68AF960049739A /* ViewController.swift */,
				AB24C2072D68AF960049739A /* Main.storyboard */,
				AB24C20D2D68AF980049739A /* Assets.xcassets */,
				AB24C20F2D68AF980049739A /* LaunchScreen.storyboard */,
				AB24C2122D68AF980049739A /* Info.plist */,
				AB24C20A2D68AF960049739A /* nazliSayisalLoto.xcdatamodeld */,
			);
			path = nazliSayisalLoto;
			sourceTree = "<group>";
		};
/* End PBXGroup section */

/* Begin PBXNativeTarget section */
		AB24C1FD2D68AF960049739A /* nazliSayisalLoto */ = {
			isa = PBXNativeTarget;
			buildConfigurationList = AB24C2152D68AF980049739A /* Build configuration list for PBXNativeTarget "nazliSayisalLoto" */;
			buildPhases = (
				AB24C1FA2D68AF960049739A /* Sources */,
				AB24C1FB2D68AF960049739A /* Frameworks */,
				AB24C1FC2D68AF960049739A /* Resources */,
			);
			buildRules = (
			);
			dependencies = (
			);
			name = nazliSayisalLoto;
			productName = nazliSayisalLoto;
			productReference = AB24C1FE2D68AF960049739A /* nazliSayisalLoto.app */;
			productType = "com.apple.product-type.application";
		};
/* End PBXNativeTarget section */

/* Begin PBXProject section */
		AB24C1F62D68AF960049739A /* Project object */ = {
			isa = PBXProject;
			attributes = {
				BuildIndependentTargetsInParallel = 1;
				LastSwiftUpdateCheck = 1420;
				LastUpgradeCheck = 1420;
				TargetAttributes = {
					AB24C1FD2D68AF960049739A = {
						CreatedOnToolsVersion = 14.2;
					};
				};
			};
			buildConfigurationList = AB24C1F92D68AF960049739A /* Build configuration list for PBXProject "nazliSayisalLoto" */;
			compatibilityVersion = "Xcode 14.0";
			developmentRegion = en;
			hasScannedForEncodings = 0;
			knownRegions = (
				en,
				Base,
			);
			mainGroup = AB24C1F52D68AF960049739A;
			productRefGroup = AB24C1FF2D68AF960049739A /* Products */;
			projectDirPath = "";
			projectRoot = "";
			targets = (
				AB24C1FD2D68AF960049739A /* nazliSayisalLoto */,
			);
		};
/* End PBXProject section */

/* Begin PBXResourcesBuildPhase section */
		AB24C1FC2D68AF960049739A /* Resources */ = {
			isa = PBXResourcesBuildPhase;
			buildActionMask = 2147483647;
			files = (
				AB24C2112D68AF980049739A /* LaunchScreen.storyboard in Resources */,
				AB24C20E2D68AF980049739A /* Assets.xcassets in Resources */,
				AB24C2092D68AF960049739A /* Main.storyboard in Resources */,
			);
			runOnlyForDeploymentPostprocessing = 0;
		};
/* End PBXResourcesBuildPhase section */

/* Begin PBXSourcesBuildPhase section */
		AB24C1FA2D68AF960049739A /* Sources */ = {
			isa = PBXSourcesBuildPhase;
			buildActionMask = 2147483647;
			files = (
				AB24C2062D68AF960049739A /* ViewController.swift in Sources */,
				AB24C2022D68AF960049739A /* AppDelegate.swift in Sources */,
				AB24C2042D68AF960049739A /* SceneDelegate.swift in Sources */,
				AB24C20C2D68AF960049739A /* nazliSayisalLoto.xcdatamodeld in Sources */,
			);
			runOnlyForDeploymentPostprocessing = 0;
		};
/* End PBXSourcesBuildPhase section */

/* Begin PBXVariantGroup section */
		AB24C2072D68AF960049739A /* Main.storyboard */ = {
			isa = PBXVariantGroup;
			children = (
				AB24C2082D68AF960049739A /* Base */,
			);
			name = Main.storyboard;
			sourceTree = "<group>";
		};
		AB24C20F2D68AF980049739A /* LaunchScreen.storyboard */ = {
			isa = PBXVariantGroup;
			children = (
				AB24C2102D68AF980049739A /* Base */,
			);
			name = LaunchScreen.storyboard;
			sourceTree = "<group>";
		};
/* End PBXVariantGroup section */

/* Begin XCBuildConfiguration section */
		AB24C2132D68AF980049739A /* Debug */ = {
			isa = XCBuildConfiguration;
			buildSettings = {
				ALWAYS_SEARCH_USER_PATHS = NO;
				CLANG_ANALYZER_NONNULL = YES;
				CLANG_ANALYZER_NUMBER_OBJECT_CONVERSION = YES_AGGRESSIVE;
				CLANG_CXX_LANGUAGE_STANDARD = "gnu++20";
				CLANG_ENABLE_MODULES = YES;
				CLANG_ENABLE_OBJC_ARC = YES;
				CLANG_ENABLE_OBJC_WEAK = YES;
				CLANG_WARN_BLOCK_CAPTURE_AUTORELEASING = YES;
				CLANG_WARN_BOOL_CONVERSION = YES;
				CLANG_WARN_COMMA = YES;
				CLANG_WARN_CONSTANT_CONVERSION = YES;
				CLANG_WARN_DEPRECATED_OBJC_IMPLEMENTATIONS = YES;
				CLANG_WARN_DIRECT_OBJC_ISA_USAGE = YES_ERROR;
				CLANG_WARN_DOCUMENTATION_COMMENTS = YES;
				CLANG_WARN_EMPTY_BODY = YES;
				CLANG_WARN_ENUM_CONVERSION = YES;
				CLANG_WARN_INFINITE_RECURSION = YES;
				CLANG_WARN_INT_CONVERSION = YES;
				CLANG_WARN_NON_LITERAL_NULL_CONVERSION = YES;
				CLANG_WARN_OBJC_IMPLICIT_RETAIN_SELF = YES;
				CLANG_WARN_OBJC_LITERAL_CONVERSION = YES;
				CLANG_WARN_OBJC_ROOT_CLASS = YES_ERROR;
				CLANG_WARN_QUOTED_INCLUDE_IN_FRAMEWORK_HEADER = YES;
				CLANG_WARN_RANGE_LOOP_ANALYSIS = YES;
				CLANG_WARN_STRICT_PROTOTYPES = YES;
				CLANG_WARN_SUSPICIOUS_MOVE = YES;
				CLANG_WARN_UNGUARDED_AVAILABILITY = YES_AGGRESSIVE;
				CLANG_WARN_UNREACHABLE_CODE = YES;
				CLANG_WARN__DUPLICATE_METHOD_MATCH = YES;
				COPY_PHASE_STRIP = NO;
				DEBUG_INFORMATION_FORMAT = dwarf;
				ENABLE_STRICT_OBJC_MSGSEND = YES;
				ENABLE_TESTABILITY = YES;
				GCC_C_LANGUAGE_STANDARD = gnu11;
				GCC_DYNAMIC_NO_PIC = NO;
				GCC_NO_COMMON_BLOCKS = YES;
				GCC_OPTIMIZATION_LEVEL = 0;
				GCC_PREPROCESSOR_DEFINITIONS = (
					"DEBUG=1",
					"$(inherited)",
				);
				GCC_WARN_64_TO_32_BIT_CONVERSION = YES;
				GCC_WARN_ABOUT_RETURN_TYPE = YES_ERROR;
				GCC_WARN_UNDECLARED_SELECTOR = YES;
				GCC_WARN_UNINITIALIZED_AUTOS = YES_AGGRESSIVE;
				GCC_WARN_UNUSED_FUNCTION = YES;
				GCC_WARN_UNUSED_VARIABLE = YES;
				IPHONEOS_DEPLOYMENT_TARGET = 16.2;
				MTL_ENABLE_DEBUG_INFO = INCLUDE_SOURCE;
				MTL_FAST_MATH = YES;
				ONLY_ACTIVE_ARCH = YES;
				SDKROOT = iphoneos;
				SWIFT_ACTIVE_COMPILATION_CONDITIONS = DEBUG;
				SWIFT_OPTIMIZATION_LEVEL = "-Onone";
			};
			name = Debug;
		};
		AB24C2142D68AF980049739A /* Release */ = {
			isa = XCBuildConfiguration;
			buildSettings = {
				ALWAYS_SEARCH_USER_PATHS = NO;
				CLANG_ANALYZER_NONNULL = YES;
				CLANG_ANALYZER_NUMBER_OBJECT_CONVERSION = YES_AGGRESSIVE;
				CLANG_CXX_LANGUAGE_STANDARD = "gnu++20";
				CLANG_ENABLE_MODULES = YES;
				CLANG_ENABLE_OBJC_ARC = YES;
				CLANG_ENABLE_OBJC_WEAK = YES;
				CLANG_WARN_BLOCK_CAPTURE_AUTORELEASING = YES;
				CLANG_WARN_BOOL_CONVERSION = YES;
				CLANG_WARN_COMMA = YES;
				CLANG_WARN_CONSTANT_CONVERSION = YES;
				CLANG_WARN_DEPRECATED_OBJC_IMPLEMENTATIONS = YES;
				CLANG_WARN_DIRECT_OBJC_ISA_USAGE = YES_ERROR;
				CLANG_WARN_DOCUMENTATION_COMMENTS = YES;
				CLANG_WARN_EMPTY_BODY = YES;
				CLANG_WARN_ENUM_CONVERSION = YES;
				CLANG_WARN_INFINITE_RECURSION = YES;
				CLANG_WARN_INT_CONVERSION = YES;
				CLANG_WARN_NON_LITERAL_NULL_CONVERSION = YES;
				CLANG_WARN_OBJC_IMPLICIT_RETAIN_SELF = YES;
				CLANG_WARN_OBJC_LITERAL_CONVERSION = YES;
				CLANG_WARN_OBJC_ROOT_CLASS = YES_ERROR;
				CLANG_WARN_QUOTED_INCLUDE_IN_FRAMEWORK_HEADER = YES;
				CLANG_WARN_RANGE_LOOP_ANALYSIS = YES;
				CLANG_WARN_STRICT_PROTOTYPES = YES;
				CLANG_WARN_SUSPICIOUS_MOVE = YES;
				CLANG_WARN_UNGUARDED_AVAILABILITY = YES_AGGRESSIVE;
				CLANG_WARN_UNREACHABLE_CODE = YES;
				CLANG_WARN__DUPLICATE_METHOD_MATCH = YES;
				COPY_PHASE_STRIP = NO;
				DEBUG_INFORMATION_FORMAT = "dwarf-with-dsym";
				ENABLE_NS_ASSERTIONS = NO;
				ENABLE_STRICT_OBJC_MSGSEND = YES;
				GCC_C_LANGUAGE_STANDARD = gnu11;
				GCC_NO_COMMON_BLOCKS = YES;
				GCC_WARN_64_TO_32_BIT_CONVERSION = YES;
				GCC_WARN_ABOUT_RETURN_TYPE = YES_ERROR;
				GCC_WARN_UNDECLARED_SELECTOR = YES;
				GCC_WARN_UNINITIALIZED_AUTOS = YES_AGGRESSIVE;
				GCC_WARN_UNUSED_FUNCTION = YES;
				GCC_WARN_UNUSED_VARIABLE = YES;
				IPHONEOS_DEPLOYMENT_TARGET = 16.2;
				MTL_ENABLE_DEBUG_INFO = NO;
				MTL_FAST_MATH = YES;
				SDKROOT = iphoneos;
				SWIFT_COMPILATION_MODE = wholemodule;
				SWIFT_OPTIMIZATION_LEVEL = "-O";
				VALIDATE_PRODUCT = YES;
			};
			name = Release;
		};
		AB24C2162D68AF980049739A /* Debug */ = {
			isa = XCBuildConfiguration;
			buildSettings = {
				ASSETCATALOG_COMPILER_APPICON_NAME = AppIcon;
				ASSETCATALOG_COMPILER_GLOBAL_ACCENT_COLOR_NAME = AccentColor;
				CODE_SIGN_STYLE = Automatic;
				CURRENT_PROJECT_VERSION = 1;
				GENERATE_INFOPLIST_FILE = YES;
				INFOPLIST_FILE = nazliSayisalLoto/Info.plist;
				INFOPLIST_KEY_UIApplicationSupportsIndirectInputEvents = YES;
				INFOPLIST_KEY_UILaunchStoryboardName = LaunchScreen;
				INFOPLIST_KEY_UIMainStoryboardFile = Main;
				INFOPLIST_KEY_UISupportedInterfaceOrientations_iPad = "UIInterfaceOrientationPortrait UIInterfaceOrientationPortraitUpsideDown UIInterfaceOrientationLandscapeLeft UIInterfaceOrientationLandscapeRight";
				INFOPLIST_KEY_UISupportedInterfaceOrientations_iPhone = "UIInterfaceOrientationPortrait UIInterfaceOrientationLandscapeLeft UIInterfaceOrientationLandscapeRight";
				LD_RUNPATH_SEARCH_PATHS = (
					"$(inherited)",
					"@executable_path/Frameworks",
				);
				MARKETING_VERSION = 1.0;
				PRODUCT_BUNDLE_IDENTIFIER = tr.edu.trakya.nazlicanogel.nazliSayisalLoto;
				PRODUCT_NAME = "$(TARGET_NAME)";
				SWIFT_EMIT_LOC_STRINGS = YES;
				SWIFT_VERSION = 5.0;
				TARGETED_DEVICE_FAMILY = "1,2";
			};
			name = Debug;
		};
		AB24C2172D68AF980049739A /* Release */ = {
			isa = XCBuildConfiguration;
			buildSettings = {
				ASSETCATALOG_COMPILER_APPICON_NAME = AppIcon;
				ASSETCATALOG_COMPILER_GLOBAL_ACCENT_COLOR_NAME = AccentColor;
				CODE_SIGN_STYLE = Automatic;
				CURRENT_PROJECT_VERSION = 1;
				GENERATE_INFOPLIST_FILE = YES;
				INFOPLIST_FILE = nazliSayisalLoto/Info.plist;
				INFOPLIST_KEY_UIApplicationSupportsIndirectInputEvents = YES;
				INFOPLIST_KEY_UILaunchStoryboardName = LaunchScreen;
				INFOPLIST_KEY_UIMainStoryboardFile = Main;
				INFOPLIST_KEY_UISupportedInterfaceOrientations_iPad = "UIInterfaceOrientationPortrait UIInterfaceOrientationPortraitUpsideDown UIInterfaceOrientationLandscapeLeft UIInterfaceOrientationLandscapeRight";
				INFOPLIST_KEY_UISupportedInterfaceOrientations_iPhone = "UIInterfaceOrientationPortrait UIInterfaceOrientationLandscapeLeft UIInterfaceOrientationLandscapeRight";
				LD_RUNPATH_SEARCH_PATHS = (
					"$(inherited)",
					"@executable_path/Frameworks",
				);
				MARKETING_VERSION = 1.0;
				PRODUCT_BUNDLE_IDENTIFIER = tr.edu.trakya.nazlicanogel.nazliSayisalLoto;
				PRODUCT_NAME = "$(TARGET_NAME)";
				SWIFT_EMIT_LOC_STRINGS = YES;
				SWIFT_VERSION = 5.0;
				TARGETED_DEVICE_FAMILY = "1,2";
			};
			name = Release;
		};
/* End XCBuildConfiguration section */

/* Begin XCConfigurationList section */
		AB24C1F92D68AF960049739A /* Build configuration list for PBXProject "nazliSayisalLoto" */ = {
			isa = XCConfigurationList;
			buildConfigurations = (
				AB24C2132D68AF980049739A /* Debug */,
				AB24C2142D68AF980049739A /* Release */,
			);
			defaultConfigurationIsVisible = 0;
			defaultConfigurationName = Release;
		};
		AB24C2152D68AF980049739A /* Build configuration list for PBXNativeTarget "nazliSayisalLoto" */ = {
			isa = XCConfigurationList;
			buildConfigurations = (
				AB24C2162D68AF980049739A /* Debug */,
				AB24C2172D68AF980049739A /* Release */,
			);
			defaultConfigurationIsVisible = 0;
			defaultConfigurationName = Release;
		};
/* End XCConfigurationList section */

/* Begin XCVersionGroup section */
		AB24C20A2D68AF960049739A /* nazliSayisalLoto.xcdatamodeld */ = {
			isa = XCVersionGroup;
			children = (
				AB24C20B2D68AF960049739A /* nazliSayisalLoto.xcdatamodel */,
			);
			currentVersion = AB24C20B2D68AF960049739A /* nazliSayisalLoto.xcdatamodel */;
			path = nazliSayisalLoto.xcdatamodeld;
			sourceTree = "<group>";
			versionGroupType = wrapper.xcdatamodel;
		};
/* End XCVersionGroup section */
	};
	rootObject = AB24C1F62D68AF960049739A /* Project object */;
}
